// !$*UTF8*$!
{
	archiveVersion = 1;
	classes = {
	};
	objectVersion = 51;
	objects = {

/* Begin PBXBuildFile section */
		7F62BBC331799D30D56A5F67 /* Pods_TradeApp.framework in Frameworks */ = {isa = PBXBuildFile; fileRef = 69E00815782E901F77AE2F3B /* Pods_TradeApp.framework */; };
		F03790E426DB038100A45E57 /* AppDelegate.swift in Sources */ = {isa = PBXBuildFile; fileRef = F03790E326DB038100A45E57 /* AppDelegate.swift */; };
		F037913926DB052200A45E57 /* GoogleService-Info.plist in Resources */ = {isa = PBXBuildFile; fileRef = F03790F726DB051500A45E57 /* GoogleService-Info.plist */; };
		F037913C26DB052200A45E57 /* Size.swift in Sources */ = {isa = PBXBuildFile; fileRef = F03790FA26DB051900A45E57 /* Size.swift */; };
		F037913D26DB052200A45E57 /* postTableViewCellTableViewCell.swift in Sources */ = {isa = PBXBuildFile; fileRef = F03790FE26DB051C00A45E57 /* postTableViewCellTableViewCell.swift */; };
		F037913E26DB052200A45E57 /* descriptionTableViewCellTableViewCell.swift in Sources */ = {isa = PBXBuildFile; fileRef = F03790FF26DB051C00A45E57 /* descriptionTableViewCellTableViewCell.swift */; };
		F037913F26DB052200A45E57 /* ChatViewController.swift in Sources */ = {isa = PBXBuildFile; fileRef = F037910226DB051C00A45E57 /* ChatViewController.swift */; };
		F037914126DB052200A45E57 /* ConversationTableViewCell.swift in Sources */ = {isa = PBXBuildFile; fileRef = F037910426DB051C00A45E57 /* ConversationTableViewCell.swift */; };
		F037914226DB052200A45E57 /* HomeViewController.swift in Sources */ = {isa = PBXBuildFile; fileRef = F037910526DB051C00A45E57 /* HomeViewController.swift */; };
		F037914326DB052200A45E57 /* ProfileHeaderCollectionReusableView.swift in Sources */ = {isa = PBXBuildFile; fileRef = F037910826DB051C00A45E57 /* ProfileHeaderCollectionReusableView.swift */; };
		F037914426DB052200A45E57 /* PhotoPostCollectionViewCell.swift in Sources */ = {isa = PBXBuildFile; fileRef = F037910926DB051C00A45E57 /* PhotoPostCollectionViewCell.swift */; };
		F037914526DB052200A45E57 /* UserProfileSearchViewController.swift in Sources */ = {isa = PBXBuildFile; fileRef = F037910B26DB051C00A45E57 /* UserProfileSearchViewController.swift */; };
		F037914626DB052200A45E57 /* EditWishlistViewController.swift in Sources */ = {isa = PBXBuildFile; fileRef = F037910C26DB051C00A45E57 /* EditWishlistViewController.swift */; };
		F037914726DB052200A45E57 /* EditProfileViewController.swift in Sources */ = {isa = PBXBuildFile; fileRef = F037910D26DB051C00A45E57 /* EditProfileViewController.swift */; };
		F037914826DB052200A45E57 /* ProductDescriptionViewController.swift in Sources */ = {isa = PBXBuildFile; fileRef = F037910E26DB051C00A45E57 /* ProductDescriptionViewController.swift */; };
		F037914926DB052200A45E57 /* WishViewController.swift in Sources */ = {isa = PBXBuildFile; fileRef = F037910F26DB051C00A45E57 /* WishViewController.swift */; };
		F037914A26DB052200A45E57 /* SettingsViewController.swift in Sources */ = {isa = PBXBuildFile; fileRef = F037911026DB051C00A45E57 /* SettingsViewController.swift */; };
		F037914B26DB052200A45E57 /* Other_ProfileHeaderCollectionReusableView.swift in Sources */ = {isa = PBXBuildFile; fileRef = F037911126DB051C00A45E57 /* Other_ProfileHeaderCollectionReusableView.swift */; };
		F037914C26DB052200A45E57 /* WishlistButtonCollectionReusableView.swift in Sources */ = {isa = PBXBuildFile; fileRef = F037911226DB051C00A45E57 /* WishlistButtonCollectionReusableView.swift */; };
		F037914D26DB052200A45E57 /* UserSearchTableViewCell.swift in Sources */ = {isa = PBXBuildFile; fileRef = F037911526DB051C00A45E57 /* UserSearchTableViewCell.swift */; };
		F037914E26DB052200A45E57 /* PostTableViewCellTableViewCell.swift in Sources */ = {isa = PBXBuildFile; fileRef = F037911626DB051C00A45E57 /* PostTableViewCellTableViewCell.swift */; };
		F037914F26DB052200A45E57 /* ArticlesTableViewCellTableViewCell.swift in Sources */ = {isa = PBXBuildFile; fileRef = F037911726DB051C00A45E57 /* ArticlesTableViewCellTableViewCell.swift */; };
		F037915026DB052200A45E57 /* FindTableViewCellTableViewCell.swift in Sources */ = {isa = PBXBuildFile; fileRef = F037911826DB051C00A45E57 /* FindTableViewCellTableViewCell.swift */; };
		F037915126DB052200A45E57 /* StateTableViewCellTableViewCell.swift in Sources */ = {isa = PBXBuildFile; fileRef = F037911926DB051C00A45E57 /* StateTableViewCellTableViewCell.swift */; };
		F037915226DB052200A45E57 /* GenderTableViewCellTableViewCell.swift in Sources */ = {isa = PBXBuildFile; fileRef = F037911A26DB051C00A45E57 /* GenderTableViewCellTableViewCell.swift */; };
		F037915326DB052200A45E57 /* UsersViewController.swift in Sources */ = {isa = PBXBuildFile; fileRef = F037911C26DB051C00A45E57 /* UsersViewController.swift */; };
		F037915426DB052200A45E57 /* GenderViewController.swift in Sources */ = {isa = PBXBuildFile; fileRef = F037911D26DB051C00A45E57 /* GenderViewController.swift */; };
		F037915526DB052200A45E57 /* ColorsResultViewController.swift in Sources */ = {isa = PBXBuildFile; fileRef = F037911F26DB051C00A45E57 /* ColorsResultViewController.swift */; };
		F037915626DB052200A45E57 /* GarmentsResultViewController.swift in Sources */ = {isa = PBXBuildFile; fileRef = F037912026DB051C00A45E57 /* GarmentsResultViewController.swift */; };
		F037915726DB052200A45E57 /* StateResultViewController.swift in Sources */ = {isa = PBXBuildFile; fileRef = F037912126DB051C00A45E57 /* StateResultViewController.swift */; };
		F037915826DB052200A45E57 /* GenderResultViewController.swift in Sources */ = {isa = PBXBuildFile; fileRef = F037912226DB051C00A45E57 /* GenderResultViewController.swift */; };
		F037915A26DB052200A45E57 /* StateViewController.swift in Sources */ = {isa = PBXBuildFile; fileRef = F037912426DB051C00A45E57 /* StateViewController.swift */; };
		F037915B26DB052200A45E57 /* ColorsViewController.swift in Sources */ = {isa = PBXBuildFile; fileRef = F037912526DB051C00A45E57 /* ColorsViewController.swift */; };
		F037915C26DB052200A45E57 /* GarmentsViewController.swift in Sources */ = {isa = PBXBuildFile; fileRef = F037912626DB051C00A45E57 /* GarmentsViewController.swift */; };
		F037915D26DB052200A45E57 /* ProfileViewController.swift in Sources */ = {isa = PBXBuildFile; fileRef = F037912726DB051C00A45E57 /* ProfileViewController.swift */; };
		F037915E26DB052200A45E57 /* FindViewController.swift in Sources */ = {isa = PBXBuildFile; fileRef = F037912826DB051C00A45E57 /* FindViewController.swift */; };
		F037915F26DB052200A45E57 /* NotificationsViewController.swift in Sources */ = {isa = PBXBuildFile; fileRef = F037912926DB051C00A45E57 /* NotificationsViewController.swift */; };
		F037916026DB052200A45E57 /* chatTableViewCellTableViewCell.swift in Sources */ = {isa = PBXBuildFile; fileRef = F037912A26DB051C00A45E57 /* chatTableViewCellTableViewCell.swift */; };
		F037916126DB052200A45E57 /* headerTableViewCellTableViewCell.swift in Sources */ = {isa = PBXBuildFile; fileRef = F037912B26DB051C00A45E57 /* headerTableViewCellTableViewCell.swift */; };
		F037916226DB052200A45E57 /* LoginViewController.swift in Sources */ = {isa = PBXBuildFile; fileRef = F037912C26DB051C00A45E57 /* LoginViewController.swift */; };
		F037916326DB052200A45E57 /* RegistrationViewController.swift in Sources */ = {isa = PBXBuildFile; fileRef = F037912D26DB051C00A45E57 /* RegistrationViewController.swift */; };
		F037916526DB052200A45E57 /* LaunchScreen.storyboard in Resources */ = {isa = PBXBuildFile; fileRef = F037912F26DB051C00A45E57 /* LaunchScreen.storyboard */; };
		F037916626DB052200A45E57 /* Main.storyboard in Resources */ = {isa = PBXBuildFile; fileRef = F037913126DB051C00A45E57 /* Main.storyboard */; };
		F037916826DB052200A45E57 /* ClickOnePostViewController.swift in Sources */ = {isa = PBXBuildFile; fileRef = F037913426DB051E00A45E57 /* ClickOnePostViewController.swift */; };
		F037916926DB052200A45E57 /* Structs.swift in Sources */ = {isa = PBXBuildFile; fileRef = F037913526DB052000A45E57 /* Structs.swift */; };
		F037916C26DB052200A45E57 /* DatabaseManager.swift in Sources */ = {isa = PBXBuildFile; fileRef = F037913826DB052200A45E57 /* DatabaseManager.swift */; };
		F037916E26DB0A0C00A45E57 /* Assets.xcassets in Resources */ = {isa = PBXBuildFile; fileRef = F037916D26DB0A0C00A45E57 /* Assets.xcassets */; };
		F037917026DC20D200A45E57 /* SelfHeaderProfileCollectionReusableView.swift in Sources */ = {isa = PBXBuildFile; fileRef = F037916F26DC20D200A45E57 /* SelfHeaderProfileCollectionReusableView.swift */; };
		F08A59D326EF8FB7001148FB /* RecomandationViewController.swift in Sources */ = {isa = PBXBuildFile; fileRef = F08A59D226EF8FB7001148FB /* RecomandationViewController.swift */; };
		F08A59D526EF9007001148FB /* RecomandationTableViewCell.swift in Sources */ = {isa = PBXBuildFile; fileRef = F08A59D426EF9007001148FB /* RecomandationTableViewCell.swift */; };
		F08A59D726F27E2C001148FB /* ExtraRecomendTableViewCell.swift in Sources */ = {isa = PBXBuildFile; fileRef = F08A59D626F27E2C001148FB /* ExtraRecomendTableViewCell.swift */; };
		F08A59D926F2801E001148FB /* ExtraRecomandationsViewController.swift in Sources */ = {isa = PBXBuildFile; fileRef = F08A59D826F2801E001148FB /* ExtraRecomandationsViewController.swift */; };
		F0A7890526DEB82B0085BA1A /* SceneDelegate.swift in Sources */ = {isa = PBXBuildFile; fileRef = F0A7890426DEB82B0085BA1A /* SceneDelegate.swift */; };
		F0F8B00E26E6ADB800A2ED97 /* AppInfoViewController.swift in Sources */ = {isa = PBXBuildFile; fileRef = F0F8B00D26E6ADB800A2ED97 /* AppInfoViewController.swift */; };
/* End PBXBuildFile section */

/* Begin PBXFileReference section */
		327985A6EF8225DC6ED3C3BC /* Pods-TradeApp.release.xcconfig */ = {isa = PBXFileReference; includeInIndex = 1; lastKnownFileType = text.xcconfig; name = "Pods-TradeApp.release.xcconfig"; path = "Target Support Files/Pods-TradeApp/Pods-TradeApp.release.xcconfig"; sourceTree = "<group>"; };
		69E00815782E901F77AE2F3B /* Pods_TradeApp.framework */ = {isa = PBXFileReference; explicitFileType = wrapper.framework; includeInIndex = 0; path = Pods_TradeApp.framework; sourceTree = BUILT_PRODUCTS_DIR; };
		A79BC87DA3D505BCA23BE407 /* Pods-TradeApp.debug.xcconfig */ = {isa = PBXFileReference; includeInIndex = 1; lastKnownFileType = text.xcconfig; name = "Pods-TradeApp.debug.xcconfig"; path = "Target Support Files/Pods-TradeApp/Pods-TradeApp.debug.xcconfig"; sourceTree = "<group>"; };
		F03790E026DB038100A45E57 /* TradeApp.app */ = {isa = PBXFileReference; explicitFileType = wrapper.application; includeInIndex = 0; path = TradeApp.app; sourceTree = BUILT_PRODUCTS_DIR; };
		F03790E326DB038100A45E57 /* AppDelegate.swift */ = {isa = PBXFileReference; lastKnownFileType = sourcecode.swift; path = AppDelegate.swift; sourceTree = "<group>"; };
		F03790F726DB051500A45E57 /* GoogleService-Info.plist */ = {isa = PBXFileReference; fileEncoding = 4; lastKnownFileType = text.plist.xml; path = "GoogleService-Info.plist"; sourceTree = "<group>"; };
		F03790FA26DB051900A45E57 /* Size.swift */ = {isa = PBXFileReference; fileEncoding = 4; lastKnownFileType = sourcecode.swift; path = Size.swift; sourceTree = "<group>"; };
		F03790FE26DB051C00A45E57 /* postTableViewCellTableViewCell.swift */ = {isa = PBXFileReference; fileEncoding = 4; lastKnownFileType = sourcecode.swift; path = postTableViewCellTableViewCell.swift; sourceTree = "<group>"; };
		F03790FF26DB051C00A45E57 /* descriptionTableViewCellTableViewCell.swift */ = {isa = PBXFileReference; fileEncoding = 4; lastKnownFileType = sourcecode.swift; path = descriptionTableViewCellTableViewCell.swift; sourceTree = "<group>"; };
		F037910226DB051C00A45E57 /* ChatViewController.swift */ = {isa = PBXFileReference; fileEncoding = 4; lastKnownFileType = sourcecode.swift; path = ChatViewController.swift; sourceTree = "<group>"; };
		F037910426DB051C00A45E57 /* ConversationTableViewCell.swift */ = {isa = PBXFileReference; fileEncoding = 4; lastKnownFileType = sourcecode.swift; path = ConversationTableViewCell.swift; sourceTree = "<group>"; };
		F037910526DB051C00A45E57 /* HomeViewController.swift */ = {isa = PBXFileReference; fileEncoding = 4; lastKnownFileType = sourcecode.swift; path = HomeViewController.swift; sourceTree = "<group>"; };
		F037910826DB051C00A45E57 /* ProfileHeaderCollectionReusableView.swift */ = {isa = PBXFileReference; fileEncoding = 4; lastKnownFileType = sourcecode.swift; path = ProfileHeaderCollectionReusableView.swift; sourceTree = "<group>"; };
		F037910926DB051C00A45E57 /* PhotoPostCollectionViewCell.swift */ = {isa = PBXFileReference; fileEncoding = 4; lastKnownFileType = sourcecode.swift; path = PhotoPostCollectionViewCell.swift; sourceTree = "<group>"; };
		F037910B26DB051C00A45E57 /* UserProfileSearchViewController.swift */ = {isa = PBXFileReference; fileEncoding = 4; lastKnownFileType = sourcecode.swift; path = UserProfileSearchViewController.swift; sourceTree = "<group>"; };
		F037910C26DB051C00A45E57 /* EditWishlistViewController.swift */ = {isa = PBXFileReference; fileEncoding = 4; lastKnownFileType = sourcecode.swift; path = EditWishlistViewController.swift; sourceTree = "<group>"; };
		F037910D26DB051C00A45E57 /* EditProfileViewController.swift */ = {isa = PBXFileReference; fileEncoding = 4; lastKnownFileType = sourcecode.swift; path = EditProfileViewController.swift; sourceTree = "<group>"; };
		F037910E26DB051C00A45E57 /* ProductDescriptionViewController.swift */ = {isa = PBXFileReference; fileEncoding = 4; lastKnownFileType = sourcecode.swift; path = ProductDescriptionViewController.swift; sourceTree = "<group>"; };
		F037910F26DB051C00A45E57 /* WishViewController.swift */ = {isa = PBXFileReference; fileEncoding = 4; lastKnownFileType = sourcecode.swift; path = WishViewController.swift; sourceTree = "<group>"; };
		F037911026DB051C00A45E57 /* SettingsViewController.swift */ = {isa = PBXFileReference; fileEncoding = 4; lastKnownFileType = sourcecode.swift; path = SettingsViewController.swift; sourceTree = "<group>"; };
		F037911126DB051C00A45E57 /* Other_ProfileHeaderCollectionReusableView.swift */ = {isa = PBXFileReference; fileEncoding = 4; lastKnownFileType = sourcecode.swift; path = Other_ProfileHeaderCollectionReusableView.swift; sourceTree = "<group>"; };
		F037911226DB051C00A45E57 /* WishlistButtonCollectionReusableView.swift */ = {isa = PBXFileReference; fileEncoding = 4; lastKnownFileType = sourcecode.swift; path = WishlistButtonCollectionReusableView.swift; sourceTree = "<group>"; };
		F037911526DB051C00A45E57 /* UserSearchTableViewCell.swift */ = {isa = PBXFileReference; fileEncoding = 4; lastKnownFileType = sourcecode.swift; path = UserSearchTableViewCell.swift; sourceTree = "<group>"; };
		F037911626DB051C00A45E57 /* PostTableViewCellTableViewCell.swift */ = {isa = PBXFileReference; fileEncoding = 4; lastKnownFileType = sourcecode.swift; path = PostTableViewCellTableViewCell.swift; sourceTree = "<group>"; };
		F037911726DB051C00A45E57 /* ArticlesTableViewCellTableViewCell.swift */ = {isa = PBXFileReference; fileEncoding = 4; lastKnownFileType = sourcecode.swift; path = ArticlesTableViewCellTableViewCell.swift; sourceTree = "<group>"; };
		F037911826DB051C00A45E57 /* FindTableViewCellTableViewCell.swift */ = {isa = PBXFileReference; fileEncoding = 4; lastKnownFileType = sourcecode.swift; path = FindTableViewCellTableViewCell.swift; sourceTree = "<group>"; };
		F037911926DB051C00A45E57 /* StateTableViewCellTableViewCell.swift */ = {isa = PBXFileReference; fileEncoding = 4; lastKnownFileType = sourcecode.swift; path = StateTableViewCellTableViewCell.swift; sourceTree = "<group>"; };
		F037911A26DB051C00A45E57 /* GenderTableViewCellTableViewCell.swift */ = {isa = PBXFileReference; fileEncoding = 4; lastKnownFileType = sourcecode.swift; path = GenderTableViewCellTableViewCell.swift; sourceTree = "<group>"; };
		F037911C26DB051C00A45E57 /* UsersViewController.swift */ = {isa = PBXFileReference; fileEncoding = 4; lastKnownFileType = sourcecode.swift; path = UsersViewController.swift; sourceTree = "<group>"; };
		F037911D26DB051C00A45E57 /* GenderViewController.swift */ = {isa = PBXFileReference; fileEncoding = 4; lastKnownFileType = sourcecode.swift; path = GenderViewController.swift; sourceTree = "<group>"; };
		F037911F26DB051C00A45E57 /* ColorsResultViewController.swift */ = {isa = PBXFileReference; fileEncoding = 4; lastKnownFileType = sourcecode.swift; path = ColorsResultViewController.swift; sourceTree = "<group>"; };
		F037912026DB051C00A45E57 /* GarmentsResultViewController.swift */ = {isa = PBXFileReference; fileEncoding = 4; lastKnownFileType = sourcecode.swift; path = GarmentsResultViewController.swift; sourceTree = "<group>"; };
		F037912126DB051C00A45E57 /* StateResultViewController.swift */ = {isa = PBXFileReference; fileEncoding = 4; lastKnownFileType = sourcecode.swift; path = StateResultViewController.swift; sourceTree = "<group>"; };
		F037912226DB051C00A45E57 /* GenderResultViewController.swift */ = {isa = PBXFileReference; fileEncoding = 4; lastKnownFileType = sourcecode.swift; path = GenderResultViewController.swift; sourceTree = "<group>"; };
		F037912426DB051C00A45E57 /* StateViewController.swift */ = {isa = PBXFileReference; fileEncoding = 4; lastKnownFileType = sourcecode.swift; path = StateViewController.swift; sourceTree = "<group>"; };
		F037912526DB051C00A45E57 /* ColorsViewController.swift */ = {isa = PBXFileReference; fileEncoding = 4; lastKnownFileType = sourcecode.swift; path = ColorsViewController.swift; sourceTree = "<group>"; };
		F037912626DB051C00A45E57 /* GarmentsViewController.swift */ = {isa = PBXFileReference; fileEncoding = 4; lastKnownFileType = sourcecode.swift; path = GarmentsViewController.swift; sourceTree = "<group>"; };
		F037912726DB051C00A45E57 /* ProfileViewController.swift */ = {isa = PBXFileReference; fileEncoding = 4; lastKnownFileType = sourcecode.swift; path = ProfileViewController.swift; sourceTree = "<group>"; };
		F037912826DB051C00A45E57 /* FindViewController.swift */ = {isa = PBXFileReference; fileEncoding = 4; lastKnownFileType = sourcecode.swift; path = FindViewController.swift; sourceTree = "<group>"; };
		F037912926DB051C00A45E57 /* NotificationsViewController.swift */ = {isa = PBXFileReference; fileEncoding = 4; lastKnownFileType = sourcecode.swift; path = NotificationsViewController.swift; sourceTree = "<group>"; };
		F037912A26DB051C00A45E57 /* chatTableViewCellTableViewCell.swift */ = {isa = PBXFileReference; fileEncoding = 4; lastKnownFileType = sourcecode.swift; path = chatTableViewCellTableViewCell.swift; sourceTree = "<group>"; };
		F037912B26DB051C00A45E57 /* headerTableViewCellTableViewCell.swift */ = {isa = PBXFileReference; fileEncoding = 4; lastKnownFileType = sourcecode.swift; path = headerTableViewCellTableViewCell.swift; sourceTree = "<group>"; };
		F037912C26DB051C00A45E57 /* LoginViewController.swift */ = {isa = PBXFileReference; fileEncoding = 4; lastKnownFileType = sourcecode.swift; path = LoginViewController.swift; sourceTree = "<group>"; };
		F037912D26DB051C00A45E57 /* RegistrationViewController.swift */ = {isa = PBXFileReference; fileEncoding = 4; lastKnownFileType = sourcecode.swift; path = RegistrationViewController.swift; sourceTree = "<group>"; };
		F037913026DB051C00A45E57 /* Base */ = {isa = PBXFileReference; lastKnownFileType = file.storyboard; name = Base; path = Base.lproj/LaunchScreen.storyboard; sourceTree = "<group>"; };
		F037913226DB051C00A45E57 /* Base */ = {isa = PBXFileReference; lastKnownFileType = file.storyboard; name = Base; path = Base.lproj/Main.storyboard; sourceTree = "<group>"; };
		F037913426DB051E00A45E57 /* ClickOnePostViewController.swift */ = {isa = PBXFileReference; fileEncoding = 4; lastKnownFileType = sourcecode.swift; path = ClickOnePostViewController.swift; sourceTree = "<group>"; };
		F037913526DB052000A45E57 /* Structs.swift */ = {isa = PBXFileReference; fileEncoding = 4; lastKnownFileType = sourcecode.swift; path = Structs.swift; sourceTree = "<group>"; };
		F037913826DB052200A45E57 /* DatabaseManager.swift */ = {isa = PBXFileReference; fileEncoding = 4; lastKnownFileType = sourcecode.swift; path = DatabaseManager.swift; sourceTree = "<group>"; };
		F037916D26DB0A0C00A45E57 /* Assets.xcassets */ = {isa = PBXFileReference; lastKnownFileType = folder.assetcatalog; path = Assets.xcassets; sourceTree = "<group>"; };
		F037916F26DC20D200A45E57 /* SelfHeaderProfileCollectionReusableView.swift */ = {isa = PBXFileReference; lastKnownFileType = sourcecode.swift; path = SelfHeaderProfileCollectionReusableView.swift; sourceTree = "<group>"; };
		F08A59D226EF8FB7001148FB /* RecomandationViewController.swift */ = {isa = PBXFileReference; lastKnownFileType = sourcecode.swift; path = RecomandationViewController.swift; sourceTree = "<group>"; };
		F08A59D426EF9007001148FB /* RecomandationTableViewCell.swift */ = {isa = PBXFileReference; lastKnownFileType = sourcecode.swift; path = RecomandationTableViewCell.swift; sourceTree = "<group>"; };
		F08A59D626F27E2C001148FB /* ExtraRecomendTableViewCell.swift */ = {isa = PBXFileReference; lastKnownFileType = sourcecode.swift; path = ExtraRecomendTableViewCell.swift; sourceTree = "<group>"; };
		F08A59D826F2801E001148FB /* ExtraRecomandationsViewController.swift */ = {isa = PBXFileReference; lastKnownFileType = sourcecode.swift; path = ExtraRecomandationsViewController.swift; sourceTree = "<group>"; };
		F0A7890426DEB82B0085BA1A /* SceneDelegate.swift */ = {isa = PBXFileReference; lastKnownFileType = sourcecode.swift; path = SceneDelegate.swift; sourceTree = "<group>"; };
		F0F8B00D26E6ADB800A2ED97 /* AppInfoViewController.swift */ = {isa = PBXFileReference; lastKnownFileType = sourcecode.swift; path = AppInfoViewController.swift; sourceTree = "<group>"; };
/* End PBXFileReference section */

/* Begin PBXFrameworksBuildPhase section */
		F03790DD26DB038100A45E57 /* Frameworks */ = {
			isa = PBXFrameworksBuildPhase;
			buildActionMask = 2147483647;
			files = (
				7F62BBC331799D30D56A5F67 /* Pods_TradeApp.framework in Frameworks */,
			);
			runOnlyForDeploymentPostprocessing = 0;
		};
/* End PBXFrameworksBuildPhase section */

/* Begin PBXGroup section */
		72D528C65C62C5F1E92D6F53 /* Pods */ = {
			isa = PBXGroup;
			children = (
				A79BC87DA3D505BCA23BE407 /* Pods-TradeApp.debug.xcconfig */,
				327985A6EF8225DC6ED3C3BC /* Pods-TradeApp.release.xcconfig */,
			);
			path = Pods;
			sourceTree = "<group>";
		};
		E79B5AC5FECD80CD0E99F241 /* Frameworks */ = {
			isa = PBXGroup;
			children = (
				69E00815782E901F77AE2F3B /* Pods_TradeApp.framework */,
			);
			name = Frameworks;
			sourceTree = "<group>";
		};
		F03790D726DB038100A45E57 = {
			isa = PBXGroup;
			children = (
				F03790E226DB038100A45E57 /* TradeApp */,
				F03790E126DB038100A45E57 /* Products */,
				72D528C65C62C5F1E92D6F53 /* Pods */,
				E79B5AC5FECD80CD0E99F241 /* Frameworks */,
			);
			sourceTree = "<group>";
		};
		F03790E126DB038100A45E57 /* Products */ = {
			isa = PBXGroup;
			children = (
				F03790E026DB038100A45E57 /* TradeApp.app */,
			);
			name = Products;
			sourceTree = "<group>";
		};
		F03790E226DB038100A45E57 /* TradeApp */ = {
			isa = PBXGroup;
			children = (
				F03790E326DB038100A45E57 /* AppDelegate.swift */,
				F0A7890426DEB82B0085BA1A /* SceneDelegate.swift */,
				F03790F726DB051500A45E57 /* GoogleService-Info.plist */,
				F037913826DB052200A45E57 /* DatabaseManager.swift */,
				F03790FA26DB051900A45E57 /* Size.swift */,
				F037913526DB052000A45E57 /* Structs.swift */,
				F037910026DB051C00A45E57 /* CoreTabs */,
				F037910626DB051C00A45E57 /* Profile */,
				F037911326DB051C00A45E57 /* Find */,
				F037910126DB051C00A45E57 /* Chat */,
				F0ABDB272702EA6400C2ADED /* Home */,
				F03790FD26DB051C00A45E57 /* ClickOnePostView */,
				F03790FC26DB051C00A45E57 /* SignUp */,
				F03790FB26DB051C00A45E57 /* Storyboard */,
			);
			path = TradeApp;
			sourceTree = "<group>";
		};
		F03790FB26DB051C00A45E57 /* Storyboard */ = {
			isa = PBXGroup;
			children = (
				F037916D26DB0A0C00A45E57 /* Assets.xcassets */,
				F037912F26DB051C00A45E57 /* LaunchScreen.storyboard */,
				F037913126DB051C00A45E57 /* Main.storyboard */,
			);
			path = Storyboard;
			sourceTree = "<group>";
		};
		F03790FC26DB051C00A45E57 /* SignUp */ = {
			isa = PBXGroup;
			children = (
				F037912C26DB051C00A45E57 /* LoginViewController.swift */,
				F037912D26DB051C00A45E57 /* RegistrationViewController.swift */,
			);
			path = SignUp;
			sourceTree = "<group>";
		};
		F03790FD26DB051C00A45E57 /* ClickOnePostView */ = {
			isa = PBXGroup;
			children = (
				F037913426DB051E00A45E57 /* ClickOnePostViewController.swift */,
				F03790FE26DB051C00A45E57 /* postTableViewCellTableViewCell.swift */,
				F03790FF26DB051C00A45E57 /* descriptionTableViewCellTableViewCell.swift */,
				F037912A26DB051C00A45E57 /* chatTableViewCellTableViewCell.swift */,
				F037912B26DB051C00A45E57 /* headerTableViewCellTableViewCell.swift */,
			);
			path = ClickOnePostView;
			sourceTree = "<group>";
		};
		F037910026DB051C00A45E57 /* CoreTabs */ = {
			isa = PBXGroup;
			children = (
				F037910526DB051C00A45E57 /* HomeViewController.swift */,
				F037912826DB051C00A45E57 /* FindViewController.swift */,
				F037912726DB051C00A45E57 /* ProfileViewController.swift */,
				F037912926DB051C00A45E57 /* NotificationsViewController.swift */,
			);
			path = CoreTabs;
			sourceTree = "<group>";
		};
		F037910126DB051C00A45E57 /* Chat */ = {
			isa = PBXGroup;
			children = (
				F037910226DB051C00A45E57 /* ChatViewController.swift */,
				F037910426DB051C00A45E57 /* ConversationTableViewCell.swift */,
			);
			path = Chat;
			sourceTree = "<group>";
		};
		F037910626DB051C00A45E57 /* Profile */ = {
			isa = PBXGroup;
			children = (
				F037910726DB051C00A45E57 /* Sections */,
				F037910A26DB051C00A45E57 /* Extenstion */,
			);
			path = Profile;
			sourceTree = "<group>";
		};
		F037910726DB051C00A45E57 /* Sections */ = {
			isa = PBXGroup;
			children = (
				F037910826DB051C00A45E57 /* ProfileHeaderCollectionReusableView.swift */,
				F037910926DB051C00A45E57 /* PhotoPostCollectionViewCell.swift */,
				F037911126DB051C00A45E57 /* Other_ProfileHeaderCollectionReusableView.swift */,
				F037916F26DC20D200A45E57 /* SelfHeaderProfileCollectionReusableView.swift */,
				F037911226DB051C00A45E57 /* WishlistButtonCollectionReusableView.swift */,
			);
			path = Sections;
			sourceTree = "<group>";
		};
		F037910A26DB051C00A45E57 /* Extenstion */ = {
			isa = PBXGroup;
			children = (
				F037910B26DB051C00A45E57 /* UserProfileSearchViewController.swift */,
				F037910C26DB051C00A45E57 /* EditWishlistViewController.swift */,
				F037910D26DB051C00A45E57 /* EditProfileViewController.swift */,
				F037910E26DB051C00A45E57 /* ProductDescriptionViewController.swift */,
				F037910F26DB051C00A45E57 /* WishViewController.swift */,
				F037911026DB051C00A45E57 /* SettingsViewController.swift */,
				F0F8B00D26E6ADB800A2ED97 /* AppInfoViewController.swift */,
			);
			path = Extenstion;
			sourceTree = "<group>";
		};
		F037911326DB051C00A45E57 /* Find */ = {
			isa = PBXGroup;
			children = (
				F037911426DB051C00A45E57 /* Cells */,
				F037911B26DB051C00A45E57 /* FirstControllers */,
				F037911E26DB051C00A45E57 /* ResultsControllers */,
			);
			path = Find;
			sourceTree = "<group>";
		};
		F037911426DB051C00A45E57 /* Cells */ = {
			isa = PBXGroup;
			children = (
				F037911526DB051C00A45E57 /* UserSearchTableViewCell.swift */,
				F037911626DB051C00A45E57 /* PostTableViewCellTableViewCell.swift */,
				F037911726DB051C00A45E57 /* ArticlesTableViewCellTableViewCell.swift */,
				F037911826DB051C00A45E57 /* FindTableViewCellTableViewCell.swift */,
				F037911926DB051C00A45E57 /* StateTableViewCellTableViewCell.swift */,
				F037911A26DB051C00A45E57 /* GenderTableViewCellTableViewCell.swift */,
			);
			path = Cells;
			sourceTree = "<group>";
		};
		F037911B26DB051C00A45E57 /* FirstControllers */ = {
			isa = PBXGroup;
			children = (
				F037911C26DB051C00A45E57 /* UsersViewController.swift */,
				F037911D26DB051C00A45E57 /* GenderViewController.swift */,
				F037912426DB051C00A45E57 /* StateViewController.swift */,
				F037912526DB051C00A45E57 /* ColorsViewController.swift */,
				F037912626DB051C00A45E57 /* GarmentsViewController.swift */,
			);
			path = FirstControllers;
			sourceTree = "<group>";
		};
		F037911E26DB051C00A45E57 /* ResultsControllers */ = {
			isa = PBXGroup;
			children = (
				F037911F26DB051C00A45E57 /* ColorsResultViewController.swift */,
				F037912026DB051C00A45E57 /* GarmentsResultViewController.swift */,
				F037912126DB051C00A45E57 /* StateResultViewController.swift */,
				F037912226DB051C00A45E57 /* GenderResultViewController.swift */,
			);
			path = ResultsControllers;
			sourceTree = "<group>";
		};
		F0ABDB272702EA6400C2ADED /* Home */ = {
			isa = PBXGroup;
			children = (
				F08A59D226EF8FB7001148FB /* RecomandationViewController.swift */,
				F08A59D426EF9007001148FB /* RecomandationTableViewCell.swift */,
				F08A59D626F27E2C001148FB /* ExtraRecomendTableViewCell.swift */,
				F08A59D826F2801E001148FB /* ExtraRecomandationsViewController.swift */,
			);
			path = Home;
			sourceTree = "<group>";
		};
/* End PBXGroup section */

/* Begin PBXNativeTarget section */
		F03790DF26DB038100A45E57 /* TradeApp */ = {
			isa = PBXNativeTarget;
			buildConfigurationList = F03790F426DB038100A45E57 /* Build configuration list for PBXNativeTarget "TradeApp" */;
			buildPhases = (
				5CB864B32B11C2D048FE0F58 /* [CP] Check Pods Manifest.lock */,
				F03790DC26DB038100A45E57 /* Sources */,
				F03790DD26DB038100A45E57 /* Frameworks */,
				F03790DE26DB038100A45E57 /* Resources */,
				16AD0459119CA61A33532978 /* [CP] Embed Pods Frameworks */,
				D8C4B682DD5DA1B6590E0F48 /* [CP] Copy Pods Resources */,
			);
			buildRules = (
			);
			dependencies = (
			);
			name = TradeApp;
			productName = TradeApp;
			productReference = F03790E026DB038100A45E57 /* TradeApp.app */;
			productType = "com.apple.product-type.application";
		};
/* End PBXNativeTarget section */

/* Begin PBXProject section */
		F03790D826DB038100A45E57 /* Project object */ = {
			isa = PBXProject;
			attributes = {
				LastSwiftUpdateCheck = 1250;
				LastUpgradeCheck = 1250;
				TargetAttributes = {
					F03790DF26DB038100A45E57 = {
						CreatedOnToolsVersion = 12.5.1;
					};
				};
			};
			buildConfigurationList = F03790DB26DB038100A45E57 /* Build configuration list for PBXProject "TradeApp" */;
			compatibilityVersion = "Xcode 9.3";
			developmentRegion = en;
			hasScannedForEncodings = 0;
			knownRegions = (
				en,
				Base,
			);
			mainGroup = F03790D726DB038100A45E57;
			productRefGroup = F03790E126DB038100A45E57 /* Products */;
			projectDirPath = "";
			projectRoot = "";
			targets = (
				F03790DF26DB038100A45E57 /* TradeApp */,
			);
		};
/* End PBXProject section */

/* Begin PBXResourcesBuildPhase section */
		F03790DE26DB038100A45E57 /* Resources */ = {
			isa = PBXResourcesBuildPhase;
			buildActionMask = 2147483647;
			files = (
				F037916626DB052200A45E57 /* Main.storyboard in Resources */,
				F037913926DB052200A45E57 /* GoogleService-Info.plist in Resources */,
				F037916526DB052200A45E57 /* LaunchScreen.storyboard in Resources */,
				F037916E26DB0A0C00A45E57 /* Assets.xcassets in Resources */,
			);
			runOnlyForDeploymentPostprocessing = 0;
		};
/* End PBXResourcesBuildPhase section */

/* Begin PBXShellScriptBuildPhase section */
		16AD0459119CA61A33532978 /* [CP] Embed Pods Frameworks */ = {
			isa = PBXShellScriptBuildPhase;
			buildActionMask = 2147483647;
			files = (
			);
			inputFileListPaths = (
				"${PODS_ROOT}/Target Support Files/Pods-TradeApp/Pods-TradeApp-frameworks-${CONFIGURATION}-input-files.xcfilelist",
			);
			name = "[CP] Embed Pods Frameworks";
			outputFileListPaths = (
				"${PODS_ROOT}/Target Support Files/Pods-TradeApp/Pods-TradeApp-frameworks-${CONFIGURATION}-output-files.xcfilelist",
			);
			runOnlyForDeploymentPostprocessing = 0;
			shellPath = /bin/sh;
			shellScript = "\"${PODS_ROOT}/Target Support Files/Pods-TradeApp/Pods-TradeApp-frameworks.sh\"\n";
			showEnvVarsInLog = 0;
		};
		5CB864B32B11C2D048FE0F58 /* [CP] Check Pods Manifest.lock */ = {
			isa = PBXShellScriptBuildPhase;
			buildActionMask = 2147483647;
			files = (
			);
			inputFileListPaths = (
			);
			inputPaths = (
				"${PODS_PODFILE_DIR_PATH}/Podfile.lock",
				"${PODS_ROOT}/Manifest.lock",
			);
			name = "[CP] Check Pods Manifest.lock";
			outputFileListPaths = (
			);
			outputPaths = (
				"$(DERIVED_FILE_DIR)/Pods-TradeApp-checkManifestLockResult.txt",
			);
			runOnlyForDeploymentPostprocessing = 0;
			shellPath = /bin/sh;
			shellScript = "diff \"${PODS_PODFILE_DIR_PATH}/Podfile.lock\" \"${PODS_ROOT}/Manifest.lock\" > /dev/null\nif [ $? != 0 ] ; then\n    # print error to STDERR\n    echo \"error: The sandbox is not in sync with the Podfile.lock. Run 'pod install' or update your CocoaPods installation.\" >&2\n    exit 1\nfi\n# This output is used by Xcode 'outputs' to avoid re-running this script phase.\necho \"SUCCESS\" > \"${SCRIPT_OUTPUT_FILE_0}\"\n";
			showEnvVarsInLog = 0;
		};
		D8C4B682DD5DA1B6590E0F48 /* [CP] Copy Pods Resources */ = {
			isa = PBXShellScriptBuildPhase;
			buildActionMask = 2147483647;
			files = (
			);
			inputFileListPaths = (
				"${PODS_ROOT}/Target Support Files/Pods-TradeApp/Pods-TradeApp-resources-${CONFIGURATION}-input-files.xcfilelist",
			);
			name = "[CP] Copy Pods Resources";
			outputFileListPaths = (
				"${PODS_ROOT}/Target Support Files/Pods-TradeApp/Pods-TradeApp-resources-${CONFIGURATION}-output-files.xcfilelist",
			);
			runOnlyForDeploymentPostprocessing = 0;
			shellPath = /bin/sh;
			shellScript = "\"${PODS_ROOT}/Target Support Files/Pods-TradeApp/Pods-TradeApp-resources.sh\"\n";
			showEnvVarsInLog = 0;
		};
/* End PBXShellScriptBuildPhase section */

/* Begin PBXSourcesBuildPhase section */
		F03790DC26DB038100A45E57 /* Sources */ = {
			isa = PBXSourcesBuildPhase;
			buildActionMask = 2147483647;
			files = (
				F037916926DB052200A45E57 /* Structs.swift in Sources */,
				F037914D26DB052200A45E57 /* UserSearchTableViewCell.swift in Sources */,
				F037916026DB052200A45E57 /* chatTableViewCellTableViewCell.swift in Sources */,
				F08A59D326EF8FB7001148FB /* RecomandationViewController.swift in Sources */,
				F037913E26DB052200A45E57 /* descriptionTableViewCellTableViewCell.swift in Sources */,
				F037914826DB052200A45E57 /* ProductDescriptionViewController.swift in Sources */,
				F037915126DB052200A45E57 /* StateTableViewCellTableViewCell.swift in Sources */,
				F037913D26DB052200A45E57 /* postTableViewCellTableViewCell.swift in Sources */,
				F037915C26DB052200A45E57 /* GarmentsViewController.swift in Sources */,
				F037914A26DB052200A45E57 /* SettingsViewController.swift in Sources */,
				F037915026DB052200A45E57 /* FindTableViewCellTableViewCell.swift in Sources */,
				F037914F26DB052200A45E57 /* ArticlesTableViewCellTableViewCell.swift in Sources */,
				F08A59D926F2801E001148FB /* ExtraRecomandationsViewController.swift in Sources */,
				F037914B26DB052200A45E57 /* Other_ProfileHeaderCollectionReusableView.swift in Sources */,
				F037916826DB052200A45E57 /* ClickOnePostViewController.swift in Sources */,
				F08A59D726F27E2C001148FB /* ExtraRecomendTableViewCell.swift in Sources */,
				F037915A26DB052200A45E57 /* StateViewController.swift in Sources */,
				F037916126DB052200A45E57 /* headerTableViewCellTableViewCell.swift in Sources */,
				F037915626DB052200A45E57 /* GarmentsResultViewController.swift in Sources */,
				F037914926DB052200A45E57 /* WishViewController.swift in Sources */,
				F037916C26DB052200A45E57 /* DatabaseManager.swift in Sources */,
				F037914526DB052200A45E57 /* UserProfileSearchViewController.swift in Sources */,
				F037914126DB052200A45E57 /* ConversationTableViewCell.swift in Sources */,
				F03790E426DB038100A45E57 /* AppDelegate.swift in Sources */,
				F0A7890526DEB82B0085BA1A /* SceneDelegate.swift in Sources */,
				F037915726DB052200A45E57 /* StateResultViewController.swift in Sources */,
				F037915826DB052200A45E57 /* GenderResultViewController.swift in Sources */,
				F037915526DB052200A45E57 /* ColorsResultViewController.swift in Sources */,
				F037913C26DB052200A45E57 /* Size.swift in Sources */,
				F08A59D526EF9007001148FB /* RecomandationTableViewCell.swift in Sources */,
				F037915B26DB052200A45E57 /* ColorsViewController.swift in Sources */,
				F037915326DB052200A45E57 /* UsersViewController.swift in Sources */,
				F037913F26DB052200A45E57 /* ChatViewController.swift in Sources */,
				F0F8B00E26E6ADB800A2ED97 /* AppInfoViewController.swift in Sources */,
				F037914C26DB052200A45E57 /* WishlistButtonCollectionReusableView.swift in Sources */,
				F037914726DB052200A45E57 /* EditProfileViewController.swift in Sources */,
				F037915426DB052200A45E57 /* GenderViewController.swift in Sources */,
				F037916226DB052200A45E57 /* LoginViewController.swift in Sources */,
				F037915F26DB052200A45E57 /* NotificationsViewController.swift in Sources */,
				F037914326DB052200A45E57 /* ProfileHeaderCollectionReusableView.swift in Sources */,
				F037914E26DB052200A45E57 /* PostTableViewCellTableViewCell.swift in Sources */,
				F037915226DB052200A45E57 /* GenderTableViewCellTableViewCell.swift in Sources */,
				F037917026DC20D200A45E57 /* SelfHeaderProfileCollectionReusableView.swift in Sources */,
				F037916326DB052200A45E57 /* RegistrationViewController.swift in Sources */,
				F037915E26DB052200A45E57 /* FindViewController.swift in Sources */,
				F037914226DB052200A45E57 /* HomeViewController.swift in Sources */,
				F037915D26DB052200A45E57 /* ProfileViewController.swift in Sources */,
				F037914626DB052200A45E57 /* EditWishlistViewController.swift in Sources */,
				F037914426DB052200A45E57 /* PhotoPostCollectionViewCell.swift in Sources */,
			);
			runOnlyForDeploymentPostprocessing = 0;
		};
/* End PBXSourcesBuildPhase section */

/* Begin PBXVariantGroup section */
		F037912F26DB051C00A45E57 /* LaunchScreen.storyboard */ = {
			isa = PBXVariantGroup;
			children = (
				F037913026DB051C00A45E57 /* Base */,
			);
			name = LaunchScreen.storyboard;
			sourceTree = "<group>";
		};
		F037913126DB051C00A45E57 /* Main.storyboard */ = {
			isa = PBXVariantGroup;
			children = (
				F037913226DB051C00A45E57 /* Base */,
			);
			name = Main.storyboard;
			sourceTree = "<group>";
		};
/* End PBXVariantGroup section */

/* Begin XCBuildConfiguration section */
		F03790F226DB038100A45E57 /* Debug */ = {
			isa = XCBuildConfiguration;
			buildSettings = {
				ALWAYS_SEARCH_USER_PATHS = NO;
				CLANG_ANALYZER_NONNULL = YES;
				CLANG_ANALYZER_NUMBER_OBJECT_CONVERSION = YES_AGGRESSIVE;
				CLANG_CXX_LANGUAGE_STANDARD = "gnu++14";
				CLANG_CXX_LIBRARY = "libc++";
				CLANG_ENABLE_MODULES = YES;
				CLANG_ENABLE_OBJC_ARC = YES;
				CLANG_ENABLE_OBJC_WEAK = YES;
				CLANG_WARN_BLOCK_CAPTURE_AUTORELEASING = YES;
				CLANG_WARN_BOOL_CONVERSION = YES;
				CLANG_WARN_COMMA = YES;
				CLANG_WARN_CONSTANT_CONVERSION = YES;
				CLANG_WARN_DEPRECATED_OBJC_IMPLEMENTATIONS = YES;
				CLANG_WARN_DIRECT_OBJC_ISA_USAGE = YES_ERROR;
				CLANG_WARN_DOCUMENTATION_COMMENTS = YES;
				CLANG_WARN_EMPTY_BODY = YES;
				CLANG_WARN_ENUM_CONVERSION = YES;
				CLANG_WARN_INFINITE_RECURSION = YES;
				CLANG_WARN_INT_CONVERSION = YES;
				CLANG_WARN_NON_LITERAL_NULL_CONVERSION = YES;
				CLANG_WARN_OBJC_IMPLICIT_RETAIN_SELF = YES;
				CLANG_WARN_OBJC_LITERAL_CONVERSION = YES;
				CLANG_WARN_OBJC_ROOT_CLASS = YES_ERROR;
				CLANG_WARN_QUOTED_INCLUDE_IN_FRAMEWORK_HEADER = YES;
				CLANG_WARN_RANGE_LOOP_ANALYSIS = YES;
				CLANG_WARN_STRICT_PROTOTYPES = YES;
				CLANG_WARN_SUSPICIOUS_MOVE = YES;
				CLANG_WARN_UNGUARDED_AVAILABILITY = YES_AGGRESSIVE;
				CLANG_WARN_UNREACHABLE_CODE = YES;
				CLANG_WARN__DUPLICATE_METHOD_MATCH = YES;
				COPY_PHASE_STRIP = NO;
				DEBUG_INFORMATION_FORMAT = dwarf;
				ENABLE_STRICT_OBJC_MSGSEND = YES;
				ENABLE_TESTABILITY = YES;
				GCC_C_LANGUAGE_STANDARD = gnu11;
				GCC_DYNAMIC_NO_PIC = NO;
				GCC_NO_COMMON_BLOCKS = YES;
				GCC_OPTIMIZATION_LEVEL = 0;
				GCC_PREPROCESSOR_DEFINITIONS = (
					"DEBUG=1",
					"$(inherited)",
				);
				GCC_WARN_64_TO_32_BIT_CONVERSION = YES;
				GCC_WARN_ABOUT_RETURN_TYPE = YES_ERROR;
				GCC_WARN_UNDECLARED_SELECTOR = YES;
				GCC_WARN_UNINITIALIZED_AUTOS = YES_AGGRESSIVE;
				GCC_WARN_UNUSED_FUNCTION = YES;
				GCC_WARN_UNUSED_VARIABLE = YES;
				IPHONEOS_DEPLOYMENT_TARGET = 14.5;
				MTL_ENABLE_DEBUG_INFO = INCLUDE_SOURCE;
				MTL_FAST_MATH = YES;
				ONLY_ACTIVE_ARCH = YES;
				SDKROOT = iphoneos;
				SWIFT_ACTIVE_COMPILATION_CONDITIONS = DEBUG;
				SWIFT_OPTIMIZATION_LEVEL = "-Onone";
			};
			name = Debug;
		};
		F03790F326DB038100A45E57 /* Release */ = {
			isa = XCBuildConfiguration;
			buildSettings = {
				ALWAYS_SEARCH_USER_PATHS = NO;
				CLANG_ANALYZER_NONNULL = YES;
				CLANG_ANALYZER_NUMBER_OBJECT_CONVERSION = YES_AGGRESSIVE;
				CLANG_CXX_LANGUAGE_STANDARD = "gnu++14";
				CLANG_CXX_LIBRARY = "libc++";
				CLANG_ENABLE_MODULES = YES;
				CLANG_ENABLE_OBJC_ARC = YES;
				CLANG_ENABLE_OBJC_WEAK = YES;
				CLANG_WARN_BLOCK_CAPTURE_AUTORELEASING = YES;
				CLANG_WARN_BOOL_CONVERSION = YES;
				CLANG_WARN_COMMA = YES;
				CLANG_WARN_CONSTANT_CONVERSION = YES;
				CLANG_WARN_DEPRECATED_OBJC_IMPLEMENTATIONS = YES;
				CLANG_WARN_DIRECT_OBJC_ISA_USAGE = YES_ERROR;
				CLANG_WARN_DOCUMENTATION_COMMENTS = YES;
				CLANG_WARN_EMPTY_BODY = YES;
				CLANG_WARN_ENUM_CONVERSION = YES;
				CLANG_WARN_INFINITE_RECURSION = YES;
				CLANG_WARN_INT_CONVERSION = YES;
				CLANG_WARN_NON_LITERAL_NULL_CONVERSION = YES;
				CLANG_WARN_OBJC_IMPLICIT_RETAIN_SELF = YES;
				CLANG_WARN_OBJC_LITERAL_CONVERSION = YES;
				CLANG_WARN_OBJC_ROOT_CLASS = YES_ERROR;
				CLANG_WARN_QUOTED_INCLUDE_IN_FRAMEWORK_HEADER = YES;
				CLANG_WARN_RANGE_LOOP_ANALYSIS = YES;
				CLANG_WARN_STRICT_PROTOTYPES = YES;
				CLANG_WARN_SUSPICIOUS_MOVE = YES;
				CLANG_WARN_UNGUARDED_AVAILABILITY = YES_AGGRESSIVE;
				CLANG_WARN_UNREACHABLE_CODE = YES;
				CLANG_WARN__DUPLICATE_METHOD_MATCH = YES;
				COPY_PHASE_STRIP = NO;
				DEBUG_INFORMATION_FORMAT = "dwarf-with-dsym";
				ENABLE_NS_ASSERTIONS = NO;
				ENABLE_STRICT_OBJC_MSGSEND = YES;
				GCC_C_LANGUAGE_STANDARD = gnu11;
				GCC_NO_COMMON_BLOCKS = YES;
				GCC_WARN_64_TO_32_BIT_CONVERSION = YES;
				GCC_WARN_ABOUT_RETURN_TYPE = YES_ERROR;
				GCC_WARN_UNDECLARED_SELECTOR = YES;
				GCC_WARN_UNINITIALIZED_AUTOS = YES_AGGRESSIVE;
				GCC_WARN_UNUSED_FUNCTION = YES;
				GCC_WARN_UNUSED_VARIABLE = YES;
				IPHONEOS_DEPLOYMENT_TARGET = 14.5;
				MTL_ENABLE_DEBUG_INFO = NO;
				MTL_FAST_MATH = YES;
				SDKROOT = iphoneos;
				SWIFT_COMPILATION_MODE = wholemodule;
				SWIFT_OPTIMIZATION_LEVEL = "-O";
				VALIDATE_PRODUCT = YES;
			};
			name = Release;
		};
		F03790F526DB038100A45E57 /* Debug */ = {
			isa = XCBuildConfiguration;
			baseConfigurationReference = A79BC87DA3D505BCA23BE407 /* Pods-TradeApp.debug.xcconfig */;
			buildSettings = {
				ASSETCATALOG_COMPILER_APPICON_NAME = AppIcon;
				ASSETCATALOG_COMPILER_GLOBAL_ACCENT_COLOR_NAME = AccentColor;
				CODE_SIGN_STYLE = Automatic;
				DEVELOPMENT_TEAM = Y2538SJD3X;
				INFOPLIST_FILE = TradeApp/Info.plist;
				LD_RUNPATH_SEARCH_PATHS = (
					"$(inherited)",
					"@executable_path/Frameworks",
				);
				PRODUCT_BUNDLE_IDENTIFIER = christina.TradeApp;
				PRODUCT_NAME = "$(TARGET_NAME)";
				SWIFT_VERSION = 5.0;
				TARGETED_DEVICE_FAMILY = "1,2";
			};
			name = Debug;
		};
		F03790F626DB038100A45E57 /* Release */ = {
			isa = XCBuildConfiguration;
			baseConfigurationReference = 327985A6EF8225DC6ED3C3BC /* Pods-TradeApp.release.xcconfig */;
			buildSettings = {
				ASSETCATALOG_COMPILER_APPICON_NAME = AppIcon;
				ASSETCATALOG_COMPILER_GLOBAL_ACCENT_COLOR_NAME = AccentColor;
				CODE_SIGN_STYLE = Automatic;
				DEVELOPMENT_TEAM = Y2538SJD3X;
				INFOPLIST_FILE = TradeApp/Info.plist;
				LD_RUNPATH_SEARCH_PATHS = (
					"$(inherited)",
					"@executable_path/Frameworks",
				);
				PRODUCT_BUNDLE_IDENTIFIER = christina.TradeApp;
				PRODUCT_NAME = "$(TARGET_NAME)";
				SWIFT_VERSION = 5.0;
				TARGETED_DEVICE_FAMILY = "1,2";
			};
			name = Release;
		};
/* End XCBuildConfiguration section */

/* Begin XCConfigurationList section */
		F03790DB26DB038100A45E57 /* Build configuration list for PBXProject "TradeApp" */ = {
			isa = XCConfigurationList;
			buildConfigurations = (
				F03790F226DB038100A45E57 /* Debug */,
				F03790F326DB038100A45E57 /* Release */,
			);
			defaultConfigurationIsVisible = 0;
			defaultConfigurationName = Release;
		};
		F03790F426DB038100A45E57 /* Build configuration list for PBXNativeTarget "TradeApp" */ = {
			isa = XCConfigurationList;
			buildConfigurations = (
				F03790F526DB038100A45E57 /* Debug */,
				F03790F626DB038100A45E57 /* Release */,
			);
			defaultConfigurationIsVisible = 0;
			defaultConfigurationName = Release;
		};
/* End XCConfigurationList section */
	};
	rootObject = F03790D826DB038100A45E57 /* Project object */;
}
